
Microsoft Visual Studio Solution File, Format Version 12.00
# Visual Studio Version 16
VisualStudioVersion = 16.0.30611.23
MinimumVisualStudioVersion = 10.0.40219.1
Project("{FAE04EC0-301F-11D3-BF4B-00C04F79EFBC}") = "CSharpInterviewQuestionsConsoleApp", "CSharpInterviewQuestionsConsoleApp\CSharpInterviewQuestionsConsoleApp.csproj", "{3B5B713C-2F1A-4EC0-AC07-98E4D69A7332}"
EndProject
Global
	GlobalSection(SolutionConfigurationPlatforms) = preSolution
		Debug|Any CPU = Debug|Any CPU
		Release|Any CPU = Release|Any CPU
	EndGlobalSection
	GlobalSection(ProjectConfigurationPlatforms) = postSolution
		{3B5B713C-2F1A-4EC0-AC07-98E4D69A7332}.Debug|Any CPU.ActiveCfg = Debug|Any CPU
		{3B5B713C-2F1A-4EC0-AC07-98E4D69A7332}.Debug|Any CPU.Build.0 = Debug|Any CPU
		{3B5B713C-2F1A-4EC0-AC07-98E4D69A7332}.Release|Any CPU.ActiveCfg = Release|Any CPU
		{3B5B713C-2F1A-4EC0-AC07-98E4D69A7332}.Release|Any CPU.Build.0 = Release|Any CPU
	EndGlobalSection
	GlobalSection(SolutionProperties) = preSolution
		HideSolutionNode = FALSE
	EndGlobalSection
	GlobalSection(ExtensibilityGlobals) = postSolution
		SolutionGuid = {87F8045E-76EE-4D9B-BB8B-D5D58E34C02F}
	EndGlobalSection
EndGlobal
